PODS:
  - EasyIAPs (0.1.3):
    - SVProgressHUD
  - SVProgressHUD (2.0.3)

DEPENDENCIES:
  - EasyIAPs (from `../`)
  - SVProgressHUD

EXTERNAL SOURCES:
  EasyIAPs:
    :path: ../

SPEC CHECKSUMS:
  EasyIAPs: 062f35b32b932a97d963a387f2dfdb229fb28fd1
  SVProgressHUD: b0830714205bea1317ea1a2ebc71e5633af334d4

PODFILE CHECKSUM: 1654540102c87ea58c6da836a9780b7559c152c4

COCOAPODS: 1.0.0
