PODS:
  - EasyIAPs (0.1.1):
    - SVProgressHUD
  - SVProgressHUD (2.0.3)

DEPENDENCIES:
  - EasyIAPs (from `../`)
  - SVProgressHUD

EXTERNAL SOURCES:
  EasyIAPs:
    :path: ../

SPEC CHECKSUMS:
  EasyIAPs: 49095b5603c5278ad509fd6692664f8f1363bb51
  SVProgressHUD: b0830714205bea1317ea1a2ebc71e5633af334d4

PODFILE CHECKSUM: 1654540102c87ea58c6da836a9780b7559c152c4

COCOAPODS: 1.0.0
